
Microsoft Visual Studio Solution File, Format Version 12.00
# Visual Studio Version 16
VisualStudioVersion = 16.0.32901.82
MinimumVisualStudioVersion = 10.0.40219.1
Project("{FAE04EC0-301F-11D3-BF4B-00C04F79EFBC}") = "WebAPISerilog", "WebAPISerilog\WebAPISerilog.csproj", "{D7B589DB-29EE-4E3A-A05D-0D7B6BA809BC}"
EndProject
Global
	GlobalSection(SolutionConfigurationPlatforms) = preSolution
		Debug|Any CPU = Debug|Any CPU
		Release|Any CPU = Release|Any CPU
	EndGlobalSection
	GlobalSection(ProjectConfigurationPlatforms) = postSolution
		{D7B589DB-29EE-4E3A-A05D-0D7B6BA809BC}.Debug|Any CPU.ActiveCfg = Debug|Any CPU
		{D7B589DB-29EE-4E3A-A05D-0D7B6BA809BC}.Debug|Any CPU.Build.0 = Debug|Any CPU
		{D7B589DB-29EE-4E3A-A05D-0D7B6BA809BC}.Release|Any CPU.ActiveCfg = Release|Any CPU
		{D7B589DB-29EE-4E3A-A05D-0D7B6BA809BC}.Release|Any CPU.Build.0 = Release|Any CPU
	EndGlobalSection
	GlobalSection(SolutionProperties) = preSolution
		HideSolutionNode = FALSE
	EndGlobalSection
	GlobalSection(ExtensibilityGlobals) = postSolution
		SolutionGuid = {BFD21869-46D2-47FC-9F4D-26A5BE3BC30A}
	EndGlobalSection
EndGlobal
